
Microsoft Visual Studio Solution File, Format Version 12.00
# Visual Studio Version 17
VisualStudioVersion = 17.3.32714.290
MinimumVisualStudioVersion = 10.0.40219.1
Project("{9A19103F-16F7-4668-BE54-9A1E7A4F7556}") = "DataTypes", "ConsoleApp2\DataTypes.csproj", "{7A35605E-6F22-4B4D-9357-A39E30366E99}"
EndProject
Project("{2150E333-8FDC-42A3-9474-1A3956D46DE8}") = "Solution Items", "Solution Items", "{B6519921-A4AA-4C3B-833D-82477196BE0B}"
EndProject
Global
	GlobalSection(SolutionConfigurationPlatforms) = preSolution
		Debug|Any CPU = Debug|Any CPU
		Release|Any CPU = Release|Any CPU
	EndGlobalSection
	GlobalSection(ProjectConfigurationPlatforms) = postSolution
		{7A35605E-6F22-4B4D-9357-A39E30366E99}.Debug|Any CPU.ActiveCfg = Debug|Any CPU
		{7A35605E-6F22-4B4D-9357-A39E30366E99}.Debug|Any CPU.Build.0 = Debug|Any CPU
		{7A35605E-6F22-4B4D-9357-A39E30366E99}.Release|Any CPU.ActiveCfg = Release|Any CPU
		{7A35605E-6F22-4B4D-9357-A39E30366E99}.Release|Any CPU.Build.0 = Release|Any CPU
	EndGlobalSection
	GlobalSection(SolutionProperties) = preSolution
		HideSolutionNode = FALSE
	EndGlobalSection
	GlobalSection(ExtensibilityGlobals) = postSolution
		SolutionGuid = {3EEEEBC5-2CD5-4541-A5F7-1EA2358BCDF5}
	EndGlobalSection
EndGlobal
