
Microsoft Visual Studio Solution File, Format Version 12.00
# Visual Studio Version 17
VisualStudioVersion = 17.3.32714.290
MinimumVisualStudioVersion = 10.0.40219.1
Project("{FAE04EC0-301F-11D3-BF4B-00C04F79EFBC}") = "Assignment1Task6", "Assignment1Task6\Assignment1Task6.csproj", "{7177B9DC-C679-492D-BAC4-DC18486D2BC0}"
EndProject
Global
	GlobalSection(SolutionConfigurationPlatforms) = preSolution
		Debug|Any CPU = Debug|Any CPU
		Release|Any CPU = Release|Any CPU
	EndGlobalSection
	GlobalSection(ProjectConfigurationPlatforms) = postSolution
		{7177B9DC-C679-492D-BAC4-DC18486D2BC0}.Debug|Any CPU.ActiveCfg = Debug|Any CPU
		{7177B9DC-C679-492D-BAC4-DC18486D2BC0}.Debug|Any CPU.Build.0 = Debug|Any CPU
		{7177B9DC-C679-492D-BAC4-DC18486D2BC0}.Release|Any CPU.ActiveCfg = Release|Any CPU
		{7177B9DC-C679-492D-BAC4-DC18486D2BC0}.Release|Any CPU.Build.0 = Release|Any CPU
	EndGlobalSection
	GlobalSection(SolutionProperties) = preSolution
		HideSolutionNode = FALSE
	EndGlobalSection
	GlobalSection(ExtensibilityGlobals) = postSolution
		SolutionGuid = {E765C342-F88C-4F86-8E03-87DFC15E86FE}
	EndGlobalSection
EndGlobal
