
Microsoft Visual Studio Solution File, Format Version 12.00
# Visual Studio Version 17
VisualStudioVersion = 17.3.32714.290
MinimumVisualStudioVersion = 10.0.40219.1
Project("{FAE04EC0-301F-11D3-BF4B-00C04F79EFBC}") = "Assignment_2A_Task2", "Assignment_2A_Task2\Assignment_2A_Task2.csproj", "{F65FE6D5-33A8-4AA8-9BAD-1A397C84D32A}"
EndProject
Global
	GlobalSection(SolutionConfigurationPlatforms) = preSolution
		Debug|Any CPU = Debug|Any CPU
		Release|Any CPU = Release|Any CPU
	EndGlobalSection
	GlobalSection(ProjectConfigurationPlatforms) = postSolution
		{F65FE6D5-33A8-4AA8-9BAD-1A397C84D32A}.Debug|Any CPU.ActiveCfg = Debug|Any CPU
		{F65FE6D5-33A8-4AA8-9BAD-1A397C84D32A}.Debug|Any CPU.Build.0 = Debug|Any CPU
		{F65FE6D5-33A8-4AA8-9BAD-1A397C84D32A}.Release|Any CPU.ActiveCfg = Release|Any CPU
		{F65FE6D5-33A8-4AA8-9BAD-1A397C84D32A}.Release|Any CPU.Build.0 = Release|Any CPU
	EndGlobalSection
	GlobalSection(SolutionProperties) = preSolution
		HideSolutionNode = FALSE
	EndGlobalSection
	GlobalSection(ExtensibilityGlobals) = postSolution
		SolutionGuid = {E60B7B84-B528-4B83-A854-95FEAD30D249}
	EndGlobalSection
EndGlobal
