
Microsoft Visual Studio Solution File, Format Version 12.00
# Visual Studio Version 16
VisualStudioVersion = 16.0.32510.428
MinimumVisualStudioVersion = 10.0.40219.1
Project("{FAE04EC0-301F-11D3-BF4B-00C04F79EFBC}") = "WebApplication4", "WebApplication4\WebApplication4.csproj", "{0487C0B0-291C-44B6-89D7-23AD6822148E}"
EndProject
Global
	GlobalSection(SolutionConfigurationPlatforms) = preSolution
		Debug|Any CPU = Debug|Any CPU
		Release|Any CPU = Release|Any CPU
	EndGlobalSection
	GlobalSection(ProjectConfigurationPlatforms) = postSolution
		{0487C0B0-291C-44B6-89D7-23AD6822148E}.Debug|Any CPU.ActiveCfg = Debug|Any CPU
		{0487C0B0-291C-44B6-89D7-23AD6822148E}.Debug|Any CPU.Build.0 = Debug|Any CPU
		{0487C0B0-291C-44B6-89D7-23AD6822148E}.Release|Any CPU.ActiveCfg = Release|Any CPU
		{0487C0B0-291C-44B6-89D7-23AD6822148E}.Release|Any CPU.Build.0 = Release|Any CPU
	EndGlobalSection
	GlobalSection(SolutionProperties) = preSolution
		HideSolutionNode = FALSE
	EndGlobalSection
	GlobalSection(ExtensibilityGlobals) = postSolution
		SolutionGuid = {FAE5DFE1-DFCE-485F-8FCD-EB6D365790A8}
	EndGlobalSection
EndGlobal
