
Microsoft Visual Studio Solution File, Format Version 12.00
# Visual Studio Version 17
VisualStudioVersion = 17.3.32714.290
MinimumVisualStudioVersion = 10.0.40219.1
Project("{FAE04EC0-301F-11D3-BF4B-00C04F79EFBC}") = "Assignment2_A_Task1", "Assignment2_A_Task1\Assignment2_A_Task1.csproj", "{47AE1526-F574-4BE6-BE18-28B7A1128313}"
EndProject
Global
	GlobalSection(SolutionConfigurationPlatforms) = preSolution
		Debug|Any CPU = Debug|Any CPU
		Release|Any CPU = Release|Any CPU
	EndGlobalSection
	GlobalSection(ProjectConfigurationPlatforms) = postSolution
		{47AE1526-F574-4BE6-BE18-28B7A1128313}.Debug|Any CPU.ActiveCfg = Debug|Any CPU
		{47AE1526-F574-4BE6-BE18-28B7A1128313}.Debug|Any CPU.Build.0 = Debug|Any CPU
		{47AE1526-F574-4BE6-BE18-28B7A1128313}.Release|Any CPU.ActiveCfg = Release|Any CPU
		{47AE1526-F574-4BE6-BE18-28B7A1128313}.Release|Any CPU.Build.0 = Release|Any CPU
	EndGlobalSection
	GlobalSection(SolutionProperties) = preSolution
		HideSolutionNode = FALSE
	EndGlobalSection
	GlobalSection(ExtensibilityGlobals) = postSolution
		SolutionGuid = {0A3C0C34-BFAC-4127-B8A4-72DFAACF480A}
	EndGlobalSection
EndGlobal
