
Microsoft Visual Studio Solution File, Format Version 12.00
# Visual Studio Version 17
VisualStudioVersion = 17.3.32714.290
MinimumVisualStudioVersion = 10.0.40219.1
Project("{FAE04EC0-301F-11D3-BF4B-00C04F79EFBC}") = "Assignment_2A_Task9", "Assignment_2A_Task9\Assignment_2A_Task9.csproj", "{6F92EABC-0479-4DA7-88A6-96DC76FC2487}"
EndProject
Global
	GlobalSection(SolutionConfigurationPlatforms) = preSolution
		Debug|Any CPU = Debug|Any CPU
		Release|Any CPU = Release|Any CPU
	EndGlobalSection
	GlobalSection(ProjectConfigurationPlatforms) = postSolution
		{6F92EABC-0479-4DA7-88A6-96DC76FC2487}.Debug|Any CPU.ActiveCfg = Debug|Any CPU
		{6F92EABC-0479-4DA7-88A6-96DC76FC2487}.Debug|Any CPU.Build.0 = Debug|Any CPU
		{6F92EABC-0479-4DA7-88A6-96DC76FC2487}.Release|Any CPU.ActiveCfg = Release|Any CPU
		{6F92EABC-0479-4DA7-88A6-96DC76FC2487}.Release|Any CPU.Build.0 = Release|Any CPU
	EndGlobalSection
	GlobalSection(SolutionProperties) = preSolution
		HideSolutionNode = FALSE
	EndGlobalSection
	GlobalSection(ExtensibilityGlobals) = postSolution
		SolutionGuid = {3FE2B5F1-917A-4380-8D64-037B669464C0}
	EndGlobalSection
EndGlobal
