
Microsoft Visual Studio Solution File, Format Version 12.00
# Visual Studio Version 16
VisualStudioVersion = 16.0.32510.428
MinimumVisualStudioVersion = 10.0.40219.1
Project("{FAE04EC0-301F-11D3-BF4B-00C04F79EFBC}") = "WebApplication3", "WebApplication3\WebApplication3.csproj", "{F49DB782-3131-4DA2-B7E6-13A1EBC15607}"
EndProject
Global
	GlobalSection(SolutionConfigurationPlatforms) = preSolution
		Debug|Any CPU = Debug|Any CPU
		Release|Any CPU = Release|Any CPU
	EndGlobalSection
	GlobalSection(ProjectConfigurationPlatforms) = postSolution
		{F49DB782-3131-4DA2-B7E6-13A1EBC15607}.Debug|Any CPU.ActiveCfg = Debug|Any CPU
		{F49DB782-3131-4DA2-B7E6-13A1EBC15607}.Debug|Any CPU.Build.0 = Debug|Any CPU
		{F49DB782-3131-4DA2-B7E6-13A1EBC15607}.Release|Any CPU.ActiveCfg = Release|Any CPU
		{F49DB782-3131-4DA2-B7E6-13A1EBC15607}.Release|Any CPU.Build.0 = Release|Any CPU
	EndGlobalSection
	GlobalSection(SolutionProperties) = preSolution
		HideSolutionNode = FALSE
	EndGlobalSection
	GlobalSection(ExtensibilityGlobals) = postSolution
		SolutionGuid = {1119CA1C-A943-4B33-8639-B1C8D0C88861}
	EndGlobalSection
EndGlobal
