
Microsoft Visual Studio Solution File, Format Version 12.00
# Visual Studio Version 17
VisualStudioVersion = 17.3.32714.290
MinimumVisualStudioVersion = 10.0.40219.1
Project("{FAE04EC0-301F-11D3-BF4B-00C04F79EFBC}") = "Assignment_2A_Task7", "Assignment_2A_Task7\Assignment_2A_Task7.csproj", "{FC43878F-0ED2-474A-BEC4-BE360B07CA62}"
EndProject
Global
	GlobalSection(SolutionConfigurationPlatforms) = preSolution
		Debug|Any CPU = Debug|Any CPU
		Release|Any CPU = Release|Any CPU
	EndGlobalSection
	GlobalSection(ProjectConfigurationPlatforms) = postSolution
		{FC43878F-0ED2-474A-BEC4-BE360B07CA62}.Debug|Any CPU.ActiveCfg = Debug|Any CPU
		{FC43878F-0ED2-474A-BEC4-BE360B07CA62}.Debug|Any CPU.Build.0 = Debug|Any CPU
		{FC43878F-0ED2-474A-BEC4-BE360B07CA62}.Release|Any CPU.ActiveCfg = Release|Any CPU
		{FC43878F-0ED2-474A-BEC4-BE360B07CA62}.Release|Any CPU.Build.0 = Release|Any CPU
	EndGlobalSection
	GlobalSection(SolutionProperties) = preSolution
		HideSolutionNode = FALSE
	EndGlobalSection
	GlobalSection(ExtensibilityGlobals) = postSolution
		SolutionGuid = {6852B165-48AA-4A9F-9553-8410EA878C20}
	EndGlobalSection
EndGlobal
