
Microsoft Visual Studio Solution File, Format Version 12.00
# Visual Studio Version 16
VisualStudioVersion = 16.0.32510.428
MinimumVisualStudioVersion = 10.0.40219.1
Project("{FAE04EC0-301F-11D3-BF4B-00C04F79EFBC}") = "WebApplication2", "WebApplication2\WebApplication2.csproj", "{CAA2EFC0-CB20-419F-8405-662355BB3196}"
EndProject
Global
	GlobalSection(SolutionConfigurationPlatforms) = preSolution
		Debug|Any CPU = Debug|Any CPU
		Release|Any CPU = Release|Any CPU
	EndGlobalSection
	GlobalSection(ProjectConfigurationPlatforms) = postSolution
		{CAA2EFC0-CB20-419F-8405-662355BB3196}.Debug|Any CPU.ActiveCfg = Debug|Any CPU
		{CAA2EFC0-CB20-419F-8405-662355BB3196}.Debug|Any CPU.Build.0 = Debug|Any CPU
		{CAA2EFC0-CB20-419F-8405-662355BB3196}.Release|Any CPU.ActiveCfg = Release|Any CPU
		{CAA2EFC0-CB20-419F-8405-662355BB3196}.Release|Any CPU.Build.0 = Release|Any CPU
	EndGlobalSection
	GlobalSection(SolutionProperties) = preSolution
		HideSolutionNode = FALSE
	EndGlobalSection
	GlobalSection(ExtensibilityGlobals) = postSolution
		SolutionGuid = {D40AD6D8-59A2-4D27-949F-962FCA5D29A0}
	EndGlobalSection
EndGlobal
